// !$*UTF8*$!
{
	archiveVersion = 1;
	classes = {
	};
	objectVersion = 45;
	objects = {

/* Begin PBXBuildFile section */
		1D3623260D0F684500981E51 /* HatenaKeywordAppDelegate.m in Sources */ = {isa = PBXBuildFile; fileRef = 1D3623250D0F684500981E51 /* HatenaKeywordAppDelegate.m */; };
		1D60589B0D05DD56006BFB54 /* main.m in Sources */ = {isa = PBXBuildFile; fileRef = 29B97316FDCFA39411CA2CEA /* main.m */; };
		1D60589F0D05DD5A006BFB54 /* Foundation.framework in Frameworks */ = {isa = PBXBuildFile; fileRef = 1D30AB110D05D00D00671497 /* Foundation.framework */; };
		1DF5F4E00D08C38300B7A737 /* UIKit.framework in Frameworks */ = {isa = PBXBuildFile; fileRef = 1DF5F4DF0D08C38300B7A737 /* UIKit.framework */; };
		288765FD0DF74451002DB57D /* CoreGraphics.framework in Frameworks */ = {isa = PBXBuildFile; fileRef = 288765FC0DF74451002DB57D /* CoreGraphics.framework */; };
		31723A4F10761BB700668702 /* TopViewController.m in Sources */ = {isa = PBXBuildFile; fileRef = 31723A4E10761BB700668702 /* TopViewController.m */; };
		31723A7F1076279F00668702 /* myParser.m in Sources */ = {isa = PBXBuildFile; fileRef = 31723A7E1076279F00668702 /* myParser.m */; };
		31723AA210762C4300668702 /* KeywordViewController.m in Sources */ = {isa = PBXBuildFile; fileRef = 31723AA110762C4300668702 /* KeywordViewController.m */; };
		31723AC71076356100668702 /* WebViewController.m in Sources */ = {isa = PBXBuildFile; fileRef = 31723AC61076356100668702 /* WebViewController.m */; };
		31723AD71076394500668702 /* SearchListViewController.m in Sources */ = {isa = PBXBuildFile; fileRef = 31723AD61076394500668702 /* SearchListViewController.m */; };
		319C070E1078BE7600CE5A03 /* CoreData.framework in Frameworks */ = {isa = PBXBuildFile; fileRef = 319C070D1078BE7600CE5A03 /* CoreData.framework */; };
		319C07121078C6CD00CE5A03 /* HatenaKeyword.xcdatamodel in Sources */ = {isa = PBXBuildFile; fileRef = 319C07111078C6CD00CE5A03 /* HatenaKeyword.xcdatamodel */; };
		31E1832110772FF500DEF764 /* libsqlite3.0.dylib in Frameworks */ = {isa = PBXBuildFile; fileRef = 31E1832010772FF500DEF764 /* libsqlite3.0.dylib */; };
		31E5B1F7107DB70100941A8D /* Bookmark.m in Sources */ = {isa = PBXBuildFile; fileRef = 31E5B1F6107DB70100941A8D /* Bookmark.m */; };
		31E5B20C107DB88500941A8D /* HatenaKeyword.sqlite in Resources */ = {isa = PBXBuildFile; fileRef = 31E5B20B107DB88500941A8D /* HatenaKeyword.sqlite */; };
/* End PBXBuildFile section */

/* Begin PBXFileReference section */
		1D30AB110D05D00D00671497 /* Foundation.framework */ = {isa = PBXFileReference; lastKnownFileType = wrapper.framework; name = Foundation.framework; path = System/Library/Frameworks/Foundation.framework; sourceTree = SDKROOT; };
		1D3623240D0F684500981E51 /* HatenaKeywordAppDelegate.h */ = {isa = PBXFileReference; fileEncoding = 4; lastKnownFileType = sourcecode.c.h; path = HatenaKeywordAppDelegate.h; sourceTree = "<group>"; };
		1D3623250D0F684500981E51 /* HatenaKeywordAppDelegate.m */ = {isa = PBXFileReference; fileEncoding = 4; lastKnownFileType = sourcecode.c.objc; path = HatenaKeywordAppDelegate.m; sourceTree = "<group>"; };
		1D6058910D05DD3D006BFB54 /* HatenaKeyword.app */ = {isa = PBXFileReference; explicitFileType = wrapper.application; includeInIndex = 0; path = HatenaKeyword.app; sourceTree = BUILT_PRODUCTS_DIR; };
		1DF5F4DF0D08C38300B7A737 /* UIKit.framework */ = {isa = PBXFileReference; lastKnownFileType = wrapper.framework; name = UIKit.framework; path = System/Library/Frameworks/UIKit.framework; sourceTree = SDKROOT; };
		288765FC0DF74451002DB57D /* CoreGraphics.framework */ = {isa = PBXFileReference; lastKnownFileType = wrapper.framework; name = CoreGraphics.framework; path = System/Library/Frameworks/CoreGraphics.framework; sourceTree = SDKROOT; };
		29B97316FDCFA39411CA2CEA /* main.m */ = {isa = PBXFileReference; fileEncoding = 4; lastKnownFileType = sourcecode.c.objc; path = main.m; sourceTree = "<group>"; };
		31723A4D10761BB700668702 /* TopViewController.h */ = {isa = PBXFileReference; fileEncoding = 4; lastKnownFileType = sourcecode.c.h; path = TopViewController.h; sourceTree = "<group>"; };
		31723A4E10761BB700668702 /* TopViewController.m */ = {isa = PBXFileReference; fileEncoding = 4; lastKnownFileType = sourcecode.c.objc; path = TopViewController.m; sourceTree = "<group>"; };
		31723A7D1076279F00668702 /* myParser.h */ = {isa = PBXFileReference; fileEncoding = 4; lastKnownFileType = sourcecode.c.h; path = myParser.h; sourceTree = "<group>"; };
		31723A7E1076279F00668702 /* myParser.m */ = {isa = PBXFileReference; fileEncoding = 4; lastKnownFileType = sourcecode.c.objc; path = myParser.m; sourceTree = "<group>"; };
		31723AA010762C4300668702 /* KeywordViewController.h */ = {isa = PBXFileReference; fileEncoding = 4; lastKnownFileType = sourcecode.c.h; path = KeywordViewController.h; sourceTree = "<group>"; };
		31723AA110762C4300668702 /* KeywordViewController.m */ = {isa = PBXFileReference; fileEncoding = 4; lastKnownFileType = sourcecode.c.objc; path = KeywordViewController.m; sourceTree = "<group>"; };
		31723AC51076356100668702 /* WebViewController.h */ = {isa = PBXFileReference; fileEncoding = 4; lastKnownFileType = sourcecode.c.h; path = WebViewController.h; sourceTree = "<group>"; };
		31723AC61076356100668702 /* WebViewController.m */ = {isa = PBXFileReference; fileEncoding = 4; lastKnownFileType = sourcecode.c.objc; path = WebViewController.m; sourceTree = "<group>"; };
		31723AD51076394500668702 /* SearchListViewController.h */ = {isa = PBXFileReference; fileEncoding = 4; lastKnownFileType = sourcecode.c.h; path = SearchListViewController.h; sourceTree = "<group>"; };
		31723AD61076394500668702 /* SearchListViewController.m */ = {isa = PBXFileReference; fileEncoding = 4; lastKnownFileType = sourcecode.c.objc; path = SearchListViewController.m; sourceTree = "<group>"; };
		319C070D1078BE7600CE5A03 /* CoreData.framework */ = {isa = PBXFileReference; lastKnownFileType = wrapper.framework; name = CoreData.framework; path = /System/Library/Frameworks/CoreData.framework; sourceTree = "<absolute>"; };
		319C07111078C6CD00CE5A03 /* HatenaKeyword.xcdatamodel */ = {isa = PBXFileReference; fileEncoding = 4; lastKnownFileType = wrapper.xcdatamodel; path = HatenaKeyword.xcdatamodel; sourceTree = "<group>"; };
		31E1832010772FF500DEF764 /* libsqlite3.0.dylib */ = {isa = PBXFileReference; lastKnownFileType = "compiled.mach-o.dylib"; name = libsqlite3.0.dylib; path = usr/lib/libsqlite3.0.dylib; sourceTree = SDKROOT; };
		31E5B1F5107DB70100941A8D /* Bookmark.h */ = {isa = PBXFileReference; fileEncoding = 4; lastKnownFileType = sourcecode.c.h; path = Bookmark.h; sourceTree = "<group>"; };
		31E5B1F6107DB70100941A8D /* Bookmark.m */ = {isa = PBXFileReference; fileEncoding = 4; lastKnownFileType = sourcecode.c.objc; path = Bookmark.m; sourceTree = "<group>"; };
		31E5B20B107DB88500941A8D /* HatenaKeyword.sqlite */ = {isa = PBXFileReference; lastKnownFileType = file; path = HatenaKeyword.sqlite; sourceTree = "<group>"; };
		32CA4F630368D1EE00C91783 /* HatenaKeyword_Prefix.pch */ = {isa = PBXFileReference; fileEncoding = 4; lastKnownFileType = sourcecode.c.h; path = HatenaKeyword_Prefix.pch; sourceTree = "<group>"; };
		8D1107310486CEB800E47090 /* HatenaKeyword-Info.plist */ = {isa = PBXFileReference; fileEncoding = 4; lastKnownFileType = text.plist.xml; path = "HatenaKeyword-Info.plist"; plistStructureDefinitionIdentifier = "com.apple.xcode.plist.structure-definition.iphone.info-plist"; sourceTree = "<group>"; };
/* End PBXFileReference section */

/* Begin PBXFrameworksBuildPhase section */
		1D60588F0D05DD3D006BFB54 /* Frameworks */ = {
			isa = PBXFrameworksBuildPhase;
			buildActionMask = 2147483647;
			files = (
				1D60589F0D05DD5A006BFB54 /* Foundation.framework in Frameworks */,
				1DF5F4E00D08C38300B7A737 /* UIKit.framework in Frameworks */,
				288765FD0DF74451002DB57D /* CoreGraphics.framework in Frameworks */,
				31E1832110772FF500DEF764 /* libsqlite3.0.dylib in Frameworks */,
				319C070E1078BE7600CE5A03 /* CoreData.framework in Frameworks */,
			);
			runOnlyForDeploymentPostprocessing = 0;
		};
/* End PBXFrameworksBuildPhase section */

/* Begin PBXGroup section */
		080E96DDFE201D6D7F000001 /* Classes */ = {
			isa = PBXGroup;
			children = (
				1D3623240D0F684500981E51 /* HatenaKeywordAppDelegate.h */,
				1D3623250D0F684500981E51 /* HatenaKeywordAppDelegate.m */,
				31723A4D10761BB700668702 /* TopViewController.h */,
				31723A4E10761BB700668702 /* TopViewController.m */,
				31723A7D1076279F00668702 /* myParser.h */,
				31723A7E1076279F00668702 /* myParser.m */,
				31723AA010762C4300668702 /* KeywordViewController.h */,
				31723AA110762C4300668702 /* KeywordViewController.m */,
				31723AC51076356100668702 /* WebViewController.h */,
				31723AC61076356100668702 /* WebViewController.m */,
				31723AD51076394500668702 /* SearchListViewController.h */,
				31723AD61076394500668702 /* SearchListViewController.m */,
				31E5B1F5107DB70100941A8D /* Bookmark.h */,
				31E5B1F6107DB70100941A8D /* Bookmark.m */,
			);
			path = Classes;
			sourceTree = "<group>";
		};
		19C28FACFE9D520D11CA2CBB /* Products */ = {
			isa = PBXGroup;
			children = (
				1D6058910D05DD3D006BFB54 /* HatenaKeyword.app */,
			);
			name = Products;
			sourceTree = "<group>";
		};
		29B97314FDCFA39411CA2CEA /* CustomTemplate */ = {
			isa = PBXGroup;
			children = (
				080E96DDFE201D6D7F000001 /* Classes */,
				29B97315FDCFA39411CA2CEA /* Other Sources */,
				29B97317FDCFA39411CA2CEA /* Resources */,
				29B97323FDCFA39411CA2CEA /* Frameworks */,
				19C28FACFE9D520D11CA2CBB /* Products */,
			);
			name = CustomTemplate;
			sourceTree = "<group>";
		};
		29B97315FDCFA39411CA2CEA /* Other Sources */ = {
			isa = PBXGroup;
			children = (
				32CA4F630368D1EE00C91783 /* HatenaKeyword_Prefix.pch */,
				29B97316FDCFA39411CA2CEA /* main.m */,
			);
			name = "Other Sources";
			sourceTree = "<group>";
		};
		29B97317FDCFA39411CA2CEA /* Resources */ = {
			isa = PBXGroup;
			children = (
				31E5B20B107DB88500941A8D /* HatenaKeyword.sqlite */,
				8D1107310486CEB800E47090 /* HatenaKeyword-Info.plist */,
				319C07111078C6CD00CE5A03 /* HatenaKeyword.xcdatamodel */,
			);
			name = Resources;
			sourceTree = "<group>";
		};
		29B97323FDCFA39411CA2CEA /* Frameworks */ = {
			isa = PBXGroup;
			children = (
				1DF5F4DF0D08C38300B7A737 /* UIKit.framework */,
				1D30AB110D05D00D00671497 /* Foundation.framework */,
				288765FC0DF74451002DB57D /* CoreGraphics.framework */,
				31E1832010772FF500DEF764 /* libsqlite3.0.dylib */,
				319C070D1078BE7600CE5A03 /* CoreData.framework */,
			);
			name = Frameworks;
			sourceTree = "<group>";
		};
/* End PBXGroup section */

/* Begin PBXNativeTarget section */
		1D6058900D05DD3D006BFB54 /* HatenaKeyword */ = {
			isa = PBXNativeTarget;
			buildConfigurationList = 1D6058960D05DD3E006BFB54 /* Build configuration list for PBXNativeTarget "HatenaKeyword" */;
			buildPhases = (
				1D60588D0D05DD3D006BFB54 /* Resources */,
				1D60588E0D05DD3D006BFB54 /* Sources */,
				1D60588F0D05DD3D006BFB54 /* Frameworks */,
			);
			buildRules = (
			);
			dependencies = (
			);
			name = HatenaKeyword;
			productName = HatenaKeyword;
			productReference = 1D6058910D05DD3D006BFB54 /* HatenaKeyword.app */;
			productType = "com.apple.product-type.application";
		};
/* End PBXNativeTarget section */

/* Begin PBXProject section */
		29B97313FDCFA39411CA2CEA /* Project object */ = {
			isa = PBXProject;
			buildConfigurationList = C01FCF4E08A954540054247B /* Build configuration list for PBXProject "HatenaKeyword" */;
			compatibilityVersion = "Xcode 3.1";
			hasScannedForEncodings = 1;
			mainGroup = 29B97314FDCFA39411CA2CEA /* CustomTemplate */;
			projectDirPath = "";
			projectRoot = "";
			targets = (
				1D6058900D05DD3D006BFB54 /* HatenaKeyword */,
			);
		};
/* End PBXProject section */

/* Begin PBXResourcesBuildPhase section */
		1D60588D0D05DD3D006BFB54 /* Resources */ = {
			isa = PBXResourcesBuildPhase;
			buildActionMask = 2147483647;
			files = (
				31E5B20C107DB88500941A8D /* HatenaKeyword.sqlite in Resources */,
			);
			runOnlyForDeploymentPostprocessing = 0;
		};
/* End PBXResourcesBuildPhase section */

/* Begin PBXSourcesBuildPhase section */
		1D60588E0D05DD3D006BFB54 /* Sources */ = {
			isa = PBXSourcesBuildPhase;
			buildActionMask = 2147483647;
			files = (
				1D60589B0D05DD56006BFB54 /* main.m in Sources */,
				1D3623260D0F684500981E51 /* HatenaKeywordAppDelegate.m in Sources */,
				31723A4F10761BB700668702 /* TopViewController.m in Sources */,
				31723A7F1076279F00668702 /* myParser.m in Sources */,
				31723AA210762C4300668702 /* KeywordViewController.m in Sources */,
				31723AC71076356100668702 /* WebViewController.m in Sources */,
				31723AD71076394500668702 /* SearchListViewController.m in Sources */,
				319C07121078C6CD00CE5A03 /* HatenaKeyword.xcdatamodel in Sources */,
				31E5B1F7107DB70100941A8D /* Bookmark.m in Sources */,
			);
			runOnlyForDeploymentPostprocessing = 0;
		};
/* End PBXSourcesBuildPhase section */

/* Begin XCBuildConfiguration section */
		1D6058940D05DD3E006BFB54 /* Debug */ = {
			isa = XCBuildConfiguration;
			buildSettings = {
				ALWAYS_SEARCH_USER_PATHS = NO;
				COPY_PHASE_STRIP = NO;
				GCC_DYNAMIC_NO_PIC = NO;
				GCC_OPTIMIZATION_LEVEL = 0;
				GCC_PRECOMPILE_PREFIX_HEADER = YES;
				GCC_PREFIX_HEADER = HatenaKeyword_Prefix.pch;
				INFOPLIST_FILE = "HatenaKeyword-Info.plist";
				PRODUCT_NAME = HatenaKeyword;
			};
			name = Debug;
		};
		1D6058950D05DD3E006BFB54 /* Release */ = {
			isa = XCBuildConfiguration;
			buildSettings = {
				ALWAYS_SEARCH_USER_PATHS = NO;
				COPY_PHASE_STRIP = YES;
				GCC_PRECOMPILE_PREFIX_HEADER = YES;
				GCC_PREFIX_HEADER = HatenaKeyword_Prefix.pch;
				INFOPLIST_FILE = "HatenaKeyword-Info.plist";
				PRODUCT_NAME = HatenaKeyword;
			};
			name = Release;
		};
		C01FCF4F08A954540054247B /* Debug */ = {
			isa = XCBuildConfiguration;
			buildSettings = {
				ARCHS = "$(ARCHS_STANDARD_32_BIT)";
				"CODE_SIGN_IDENTITY[sdk=iphoneos*]" = "iPhone Developer";
				GCC_C_LANGUAGE_STANDARD = c99;
				GCC_WARN_ABOUT_RETURN_TYPE = YES;
				GCC_WARN_UNUSED_VARIABLE = YES;
				PREBINDING = NO;
				SDKROOT = iphoneos3.1;
			};
			name = Debug;
		};
		C01FCF5008A954540054247B /* Release */ = {
			isa = XCBuildConfiguration;
			buildSettings = {
				ARCHS = "$(ARCHS_STANDARD_32_BIT)";
				"CODE_SIGN_IDENTITY[sdk=iphoneos*]" = "iPhone Developer";
				GCC_C_LANGUAGE_STANDARD = c99;
				GCC_WARN_ABOUT_RETURN_TYPE = YES;
				GCC_WARN_UNUSED_VARIABLE = YES;
				PREBINDING = NO;
				SDKROOT = iphoneos3.1;
			};
			name = Release;
		};
/* End XCBuildConfiguration section */

/* Begin XCConfigurationList section */
		1D6058960D05DD3E006BFB54 /* Build configuration list for PBXNativeTarget "HatenaKeyword" */ = {
			isa = XCConfigurationList;
			buildConfigurations = (
				1D6058940D05DD3E006BFB54 /* Debug */,
				1D6058950D05DD3E006BFB54 /* Release */,
			);
			defaultConfigurationIsVisible = 0;
			defaultConfigurationName = Release;
		};
		C01FCF4E08A954540054247B /* Build configuration list for PBXProject "HatenaKeyword" */ = {
			isa = XCConfigurationList;
			buildConfigurations = (
				C01FCF4F08A954540054247B /* Debug */,
				C01FCF5008A954540054247B /* Release */,
			);
			defaultConfigurationIsVisible = 0;
			defaultConfigurationName = Release;
		};
/* End XCConfigurationList section */
	};
	rootObject = 29B97313FDCFA39411CA2CEA /* Project object */;
}
